
Microsoft Visual Studio Solution File, Format Version 12.00
# Visual Studio Version 17
VisualStudioVersion = 17.7.34031.279
MinimumVisualStudioVersion = 10.0.40219.1
Project("{FAE04EC0-301F-11D3-BF4B-00C04F79EFBC}") = "ÖvningsSamling", "ÖvningsSamling.csproj", "{12E7EF52-0667-40EA-9303-B2F732913174}"
EndProject
Global
	GlobalSection(SolutionConfigurationPlatforms) = preSolution
		Debug|Any CPU = Debug|Any CPU
		Release|Any CPU = Release|Any CPU
	EndGlobalSection
	GlobalSection(ProjectConfigurationPlatforms) = postSolution
		{12E7EF52-0667-40EA-9303-B2F732913174}.Debug|Any CPU.ActiveCfg = Debug|Any CPU
		{12E7EF52-0667-40EA-9303-B2F732913174}.Debug|Any CPU.Build.0 = Debug|Any CPU
		{12E7EF52-0667-40EA-9303-B2F732913174}.Release|Any CPU.ActiveCfg = Release|Any CPU
		{12E7EF52-0667-40EA-9303-B2F732913174}.Release|Any CPU.Build.0 = Release|Any CPU
	EndGlobalSection
	GlobalSection(SolutionProperties) = preSolution
		HideSolutionNode = FALSE
	EndGlobalSection
	GlobalSection(ExtensibilityGlobals) = postSolution
		SolutionGuid = {3403FB0D-FFBE-4933-A299-85CC633AE7AD}
	EndGlobalSection
EndGlobal
